{
  "version": 4,
  "terraform_version": "1.0.3",
  "serial": 6,
  "lineage": "d9f64aa0-1882-b7b1-f5c8-a51b847451f5",
  "outputs": {},
  "resources": [
    {
      "mode": "managed",
      "type": "aws_amplify_app",
      "name": "nodely",
      "provider": "provider[\"registry.terraform.io/hashicorp/aws\"]",
      "instances": [
        {
          "schema_version": 0,
          "attributes": {
            "access_token": "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",
            "arn": "arn:aws:amplify:us-east-1:804304769512:apps/d3p6ut7pyt2ylb",
            "auto_branch_creation_config": [],
            "auto_branch_creation_patterns": [],
            "basic_auth_credentials": "",
            "build_spec": "version: 0.1\nfrontend:\n  phases:\n    preBuild:\n      commands:\n        - cd frontend\n        - yarn\n    build:\n      commands:\n        - yarn run build\n  artifacts:\n    baseDirectory: build\n    files:\n      - '**/*'\n  cache:\n    paths:\n      - node_modules/**/*\n",
            "custom_rule": [
              {
                "condition": "",
                "source": "/\u003c*\u003e",
                "status": "404",
                "target": "/index.html"
              }
            ],
            "default_domain": "d3p6ut7pyt2ylb.amplifyapp.com",
            "description": "",
            "enable_auto_branch_creation": false,
            "enable_basic_auth": false,
            "enable_branch_auto_build": true,
            "enable_branch_auto_deletion": false,
            "environment_variables": {
              "ENV": "test"
            },
            "iam_service_role_arn": "",
            "id": "d3p6ut7pyt2ylb",
            "name": "nodely",
            "oauth_token": null,
            "platform": "WEB",
            "production_branch": [],
            "repository": "https://github.com/misodope/node.ly",
            "tags": {},
            "tags_all": {}
          },
          "sensitive_attributes": [],
          "private": "bnVsbA=="
        }
      ]
    },
    {
      "mode": "managed",
      "type": "aws_amplify_branch",
      "name": "master",
      "provider": "provider[\"registry.terraform.io/hashicorp/aws\"]",
      "instances": [
        {
          "schema_version": 0,
          "attributes": {
            "app_id": "d3p6ut7pyt2ylb",
            "arn": "arn:aws:amplify:us-east-1:804304769512:apps/d3p6ut7pyt2ylb/branches/main",
            "associated_resources": [],
            "backend_environment_arn": "",
            "basic_auth_credentials": "",
            "branch_name": "main",
            "custom_domains": [],
            "description": "",
            "destination_branch": "",
            "display_name": "main",
            "enable_auto_build": true,
            "enable_basic_auth": false,
            "enable_notification": false,
            "enable_performance_mode": false,
            "enable_pull_request_preview": false,
            "environment_variables": null,
            "framework": "React",
            "id": "d3p6ut7pyt2ylb/main",
            "pull_request_environment_name": "",
            "source_branch": "",
            "stage": "PRODUCTION",
            "tags": null,
            "tags_all": {},
            "ttl": "5"
          },
          "sensitive_attributes": [],
          "private": "bnVsbA==",
          "dependencies": [
            "aws_amplify_app.nodely"
          ]
        }
      ]
    }
  ]
}
